<Solution>
  <Folder Name="/src/">
    <Project Path="src/Vortex.App/Vortex.App.csproj" />
    <Project Path="src/Vortex.Domain/Vortex.Domain.csproj" />
    <Project Path="src/Vortex.Infrastructure/Vortex.Infrastructure.csproj" />
    <Project Path="src/Vortex.Shared/Vortex.Shared.csproj" />
    <Project Path="src/Vortex.Web/Vortex.Web.csproj" />
  </Folder>
  <Folder Name="/tests/">
    <Project Path="tests/Vortex.Domain.Tests/Vortex.Domain.Tests.csproj" />
    <Project Path="tests/Vortex.Shared.Tests/Vortex.Shared.Tests.csproj" />
  </Folder>
</Solution>
